// !$*UTF8*$!
{
	archiveVersion = 1;
	classes = {
	};
	objectVersion = 51;
	objects = {

/* Begin PBXBuildFile section */
		02D131E4DBC713DBC831F077 /* Pods_HomeWork9.framework in Frameworks */ = {isa = PBXBuildFile; fileRef = 0BDBC0E442EF0934101D72BC /* Pods_HomeWork9.framework */; };
		E790A54325EAAD4100E5CCBF /* AppDelegate.swift in Sources */ = {isa = PBXBuildFile; fileRef = E790A54225EAAD4100E5CCBF /* AppDelegate.swift */; };
		E790A54525EAAD4100E5CCBF /* SceneDelegate.swift in Sources */ = {isa = PBXBuildFile; fileRef = E790A54425EAAD4100E5CCBF /* SceneDelegate.swift */; };
		E790A54A25EAAD4100E5CCBF /* Main.storyboard in Resources */ = {isa = PBXBuildFile; fileRef = E790A54825EAAD4100E5CCBF /* Main.storyboard */; };
		E790A54C25EAAD4300E5CCBF /* Assets.xcassets in Resources */ = {isa = PBXBuildFile; fileRef = E790A54B25EAAD4300E5CCBF /* Assets.xcassets */; };
		E790A54F25EAAD4300E5CCBF /* LaunchScreen.storyboard in Resources */ = {isa = PBXBuildFile; fileRef = E790A54D25EAAD4300E5CCBF /* LaunchScreen.storyboard */; };
		E790A57125EABBC200E5CCBF /* MainViewController.swift in Sources */ = {isa = PBXBuildFile; fileRef = E790A57025EABBC200E5CCBF /* MainViewController.swift */; };
/* End PBXBuildFile section */

/* Begin PBXFileReference section */
		0BDBC0E442EF0934101D72BC /* Pods_HomeWork9.framework */ = {isa = PBXFileReference; explicitFileType = wrapper.framework; includeInIndex = 0; path = Pods_HomeWork9.framework; sourceTree = BUILT_PRODUCTS_DIR; };
		4D0F8448948067F19D4D1404 /* Pods-HomeWork9.debug.xcconfig */ = {isa = PBXFileReference; includeInIndex = 1; lastKnownFileType = text.xcconfig; name = "Pods-HomeWork9.debug.xcconfig"; path = "Target Support Files/Pods-HomeWork9/Pods-HomeWork9.debug.xcconfig"; sourceTree = "<group>"; };
		BB7A6D6D01BB3AF408526989 /* Pods-HomeWork9.release.xcconfig */ = {isa = PBXFileReference; includeInIndex = 1; lastKnownFileType = text.xcconfig; name = "Pods-HomeWork9.release.xcconfig"; path = "Target Support Files/Pods-HomeWork9/Pods-HomeWork9.release.xcconfig"; sourceTree = "<group>"; };
		E790A53F25EAAD4100E5CCBF /* HomeWork9.app */ = {isa = PBXFileReference; explicitFileType = wrapper.application; includeInIndex = 0; path = HomeWork9.app; sourceTree = BUILT_PRODUCTS_DIR; };
		E790A54225EAAD4100E5CCBF /* AppDelegate.swift */ = {isa = PBXFileReference; lastKnownFileType = sourcecode.swift; path = AppDelegate.swift; sourceTree = "<group>"; };
		E790A54425EAAD4100E5CCBF /* SceneDelegate.swift */ = {isa = PBXFileReference; lastKnownFileType = sourcecode.swift; path = SceneDelegate.swift; sourceTree = "<group>"; };
		E790A54925EAAD4100E5CCBF /* Base */ = {isa = PBXFileReference; lastKnownFileType = file.storyboard; name = Base; path = Base.lproj/Main.storyboard; sourceTree = "<group>"; };
		E790A54B25EAAD4300E5CCBF /* Assets.xcassets */ = {isa = PBXFileReference; lastKnownFileType = folder.assetcatalog; path = Assets.xcassets; sourceTree = "<group>"; };
		E790A54E25EAAD4300E5CCBF /* Base */ = {isa = PBXFileReference; lastKnownFileType = file.storyboard; name = Base; path = Base.lproj/LaunchScreen.storyboard; sourceTree = "<group>"; };
		E790A55025EAAD4300E5CCBF /* Info.plist */ = {isa = PBXFileReference; lastKnownFileType = text.plist.xml; path = Info.plist; sourceTree = "<group>"; };
		E790A57025EABBC200E5CCBF /* MainViewController.swift */ = {isa = PBXFileReference; lastKnownFileType = sourcecode.swift; path = MainViewController.swift; sourceTree = "<group>"; };
/* End PBXFileReference section */

/* Begin PBXFrameworksBuildPhase section */
		E790A53C25EAAD4100E5CCBF /* Frameworks */ = {
			isa = PBXFrameworksBuildPhase;
			buildActionMask = 2147483647;
			files = (
				02D131E4DBC713DBC831F077 /* Pods_HomeWork9.framework in Frameworks */,
			);
			runOnlyForDeploymentPostprocessing = 0;
		};
/* End PBXFrameworksBuildPhase section */

/* Begin PBXGroup section */
		12B74FBC447331017EDAFE40 /* Pods */ = {
			isa = PBXGroup;
			children = (
				4D0F8448948067F19D4D1404 /* Pods-HomeWork9.debug.xcconfig */,
				BB7A6D6D01BB3AF408526989 /* Pods-HomeWork9.release.xcconfig */,
			);
			path = Pods;
			sourceTree = "<group>";
		};
		E790A53625EAAD4100E5CCBF = {
			isa = PBXGroup;
			children = (
				E790A54125EAAD4100E5CCBF /* HomeWork9 */,
				E790A54025EAAD4100E5CCBF /* Products */,
				12B74FBC447331017EDAFE40 /* Pods */,
				E8123D5CA6060A96865513C0 /* Frameworks */,
			);
			sourceTree = "<group>";
		};
		E790A54025EAAD4100E5CCBF /* Products */ = {
			isa = PBXGroup;
			children = (
				E790A53F25EAAD4100E5CCBF /* HomeWork9.app */,
			);
			name = Products;
			sourceTree = "<group>";
		};
		E790A54125EAAD4100E5CCBF /* HomeWork9 */ = {
			isa = PBXGroup;
			children = (
				E790A56B25EAB8AD00E5CCBF /* ViewControllers */,
				E790A56D25EAB8CA00E5CCBF /* Models */,
				E790A56A25EAB89B00E5CCBF /* Storyboards */,
				E790A56825EAB88600E5CCBF /* SupportingFiles */,
				E790A56725EAB86F00E5CCBF /* Resources */,
			);
			path = HomeWork9;
			sourceTree = "<group>";
		};
		E790A56725EAB86F00E5CCBF /* Resources */ = {
			isa = PBXGroup;
			children = (
				E790A54B25EAAD4300E5CCBF /* Assets.xcassets */,
			);
			path = Resources;
			sourceTree = "<group>";
		};
		E790A56825EAB88600E5CCBF /* SupportingFiles */ = {
			isa = PBXGroup;
			children = (
				E790A54225EAAD4100E5CCBF /* AppDelegate.swift */,
				E790A54425EAAD4100E5CCBF /* SceneDelegate.swift */,
				E790A55025EAAD4300E5CCBF /* Info.plist */,
			);
			path = SupportingFiles;
			sourceTree = "<group>";
		};
		E790A56A25EAB89B00E5CCBF /* Storyboards */ = {
			isa = PBXGroup;
			children = (
				E790A54825EAAD4100E5CCBF /* Main.storyboard */,
				E790A54D25EAAD4300E5CCBF /* LaunchScreen.storyboard */,
			);
			path = Storyboards;
			sourceTree = "<group>";
		};
		E790A56B25EAB8AD00E5CCBF /* ViewControllers */ = {
			isa = PBXGroup;
			children = (
				E790A57025EABBC200E5CCBF /* MainViewController.swift */,
			);
			path = ViewControllers;
			sourceTree = "<group>";
		};
		E790A56D25EAB8CA00E5CCBF /* Models */ = {
			isa = PBXGroup;
			children = (
			);
			path = Models;
			sourceTree = "<group>";
		};
		E8123D5CA6060A96865513C0 /* Frameworks */ = {
			isa = PBXGroup;
			children = (
				0BDBC0E442EF0934101D72BC /* Pods_HomeWork9.framework */,
			);
			name = Frameworks;
			sourceTree = "<group>";
		};
/* End PBXGroup section */

/* Begin PBXNativeTarget section */
		E790A53E25EAAD4100E5CCBF /* HomeWork9 */ = {
			isa = PBXNativeTarget;
			buildConfigurationList = E790A55325EAAD4300E5CCBF /* Build configuration list for PBXNativeTarget "HomeWork9" */;
			buildPhases = (
				F59A31B8BA063B50A3391C3F /* [CP] Check Pods Manifest.lock */,
				E790A53B25EAAD4100E5CCBF /* Sources */,
				E790A53C25EAAD4100E5CCBF /* Frameworks */,
				E790A53D25EAAD4100E5CCBF /* Resources */,
				FD852414BCB78538E97C293B /* [CP] Embed Pods Frameworks */,
			);
			buildRules = (
			);
			dependencies = (
			);
			name = HomeWork9;
			productName = HomeWork9;
			productReference = E790A53F25EAAD4100E5CCBF /* HomeWork9.app */;
			productType = "com.apple.product-type.application";
		};
/* End PBXNativeTarget section */

/* Begin PBXProject section */
		E790A53725EAAD4100E5CCBF /* Project object */ = {
			isa = PBXProject;
			attributes = {
				LastSwiftUpdateCheck = 1240;
				LastUpgradeCheck = 1240;
				TargetAttributes = {
					E790A53E25EAAD4100E5CCBF = {
						CreatedOnToolsVersion = 12.4;
					};
				};
			};
			buildConfigurationList = E790A53A25EAAD4100E5CCBF /* Build configuration list for PBXProject "HomeWork9" */;
			compatibilityVersion = "Xcode 9.3";
			developmentRegion = en;
			hasScannedForEncodings = 0;
			knownRegions = (
				en,
				Base,
			);
			mainGroup = E790A53625EAAD4100E5CCBF;
			productRefGroup = E790A54025EAAD4100E5CCBF /* Products */;
			projectDirPath = "";
			projectRoot = "";
			targets = (
				E790A53E25EAAD4100E5CCBF /* HomeWork9 */,
			);
		};
/* End PBXProject section */

/* Begin PBXResourcesBuildPhase section */
		E790A53D25EAAD4100E5CCBF /* Resources */ = {
			isa = PBXResourcesBuildPhase;
			buildActionMask = 2147483647;
			files = (
				E790A54F25EAAD4300E5CCBF /* LaunchScreen.storyboard in Resources */,
				E790A54C25EAAD4300E5CCBF /* Assets.xcassets in Resources */,
				E790A54A25EAAD4100E5CCBF /* Main.storyboard in Resources */,
			);
			runOnlyForDeploymentPostprocessing = 0;
		};
/* End PBXResourcesBuildPhase section */

/* Begin PBXShellScriptBuildPhase section */
		F59A31B8BA063B50A3391C3F /* [CP] Check Pods Manifest.lock */ = {
			isa = PBXShellScriptBuildPhase;
			buildActionMask = 2147483647;
			files = (
			);
			inputFileListPaths = (
			);
			inputPaths = (
				"${PODS_PODFILE_DIR_PATH}/Podfile.lock",
				"${PODS_ROOT}/Manifest.lock",
			);
			name = "[CP] Check Pods Manifest.lock";
			outputFileListPaths = (
			);
			outputPaths = (
				"$(DERIVED_FILE_DIR)/Pods-HomeWork9-checkManifestLockResult.txt",
			);
			runOnlyForDeploymentPostprocessing = 0;
			shellPath = /bin/sh;
			shellScript = "diff \"${PODS_PODFILE_DIR_PATH}/Podfile.lock\" \"${PODS_ROOT}/Manifest.lock\" > /dev/null\nif [ $? != 0 ] ; then\n    # print error to STDERR\n    echo \"error: The sandbox is not in sync with the Podfile.lock. Run 'pod install' or update your CocoaPods installation.\" >&2\n    exit 1\nfi\n# This output is used by Xcode 'outputs' to avoid re-running this script phase.\necho \"SUCCESS\" > \"${SCRIPT_OUTPUT_FILE_0}\"\n";
			showEnvVarsInLog = 0;
		};
		FD852414BCB78538E97C293B /* [CP] Embed Pods Frameworks */ = {
			isa = PBXShellScriptBuildPhase;
			buildActionMask = 2147483647;
			files = (
			);
			inputFileListPaths = (
				"${PODS_ROOT}/Target Support Files/Pods-HomeWork9/Pods-HomeWork9-frameworks-${CONFIGURATION}-input-files.xcfilelist",
			);
			name = "[CP] Embed Pods Frameworks";
			outputFileListPaths = (
				"${PODS_ROOT}/Target Support Files/Pods-HomeWork9/Pods-HomeWork9-frameworks-${CONFIGURATION}-output-files.xcfilelist",
			);
			runOnlyForDeploymentPostprocessing = 0;
			shellPath = /bin/sh;
			shellScript = "\"${PODS_ROOT}/Target Support Files/Pods-HomeWork9/Pods-HomeWork9-frameworks.sh\"\n";
			showEnvVarsInLog = 0;
		};
/* End PBXShellScriptBuildPhase section */

/* Begin PBXSourcesBuildPhase section */
		E790A53B25EAAD4100E5CCBF /* Sources */ = {
			isa = PBXSourcesBuildPhase;
			buildActionMask = 2147483647;
			files = (
				E790A57125EABBC200E5CCBF /* MainViewController.swift in Sources */,
				E790A54325EAAD4100E5CCBF /* AppDelegate.swift in Sources */,
				E790A54525EAAD4100E5CCBF /* SceneDelegate.swift in Sources */,
			);
			runOnlyForDeploymentPostprocessing = 0;
		};
/* End PBXSourcesBuildPhase section */

/* Begin PBXVariantGroup section */
		E790A54825EAAD4100E5CCBF /* Main.storyboard */ = {
			isa = PBXVariantGroup;
			children = (
				E790A54925EAAD4100E5CCBF /* Base */,
			);
			name = Main.storyboard;
			sourceTree = "<group>";
		};
		E790A54D25EAAD4300E5CCBF /* LaunchScreen.storyboard */ = {
			isa = PBXVariantGroup;
			children = (
				E790A54E25EAAD4300E5CCBF /* Base */,
			);
			name = LaunchScreen.storyboard;
			sourceTree = "<group>";
		};
/* End PBXVariantGroup section */

/* Begin XCBuildConfiguration section */
		E790A55125EAAD4300E5CCBF /* Debug */ = {
			isa = XCBuildConfiguration;
			buildSettings = {
				ALWAYS_SEARCH_USER_PATHS = NO;
				CLANG_ANALYZER_NONNULL = YES;
				CLANG_ANALYZER_NUMBER_OBJECT_CONVERSION = YES_AGGRESSIVE;
				CLANG_CXX_LANGUAGE_STANDARD = "gnu++14";
				CLANG_CXX_LIBRARY = "libc++";
				CLANG_ENABLE_MODULES = YES;
				CLANG_ENABLE_OBJC_ARC = YES;
				CLANG_ENABLE_OBJC_WEAK = YES;
				CLANG_WARN_BLOCK_CAPTURE_AUTORELEASING = YES;
				CLANG_WARN_BOOL_CONVERSION = YES;
				CLANG_WARN_COMMA = YES;
				CLANG_WARN_CONSTANT_CONVERSION = YES;
				CLANG_WARN_DEPRECATED_OBJC_IMPLEMENTATIONS = YES;
				CLANG_WARN_DIRECT_OBJC_ISA_USAGE = YES_ERROR;
				CLANG_WARN_DOCUMENTATION_COMMENTS = YES;
				CLANG_WARN_EMPTY_BODY = YES;
				CLANG_WARN_ENUM_CONVERSION = YES;
				CLANG_WARN_INFINITE_RECURSION = YES;
				CLANG_WARN_INT_CONVERSION = YES;
				CLANG_WARN_NON_LITERAL_NULL_CONVERSION = YES;
				CLANG_WARN_OBJC_IMPLICIT_RETAIN_SELF = YES;
				CLANG_WARN_OBJC_LITERAL_CONVERSION = YES;
				CLANG_WARN_OBJC_ROOT_CLASS = YES_ERROR;
				CLANG_WARN_QUOTED_INCLUDE_IN_FRAMEWORK_HEADER = YES;
				CLANG_WARN_RANGE_LOOP_ANALYSIS = YES;
				CLANG_WARN_STRICT_PROTOTYPES = YES;
				CLANG_WARN_SUSPICIOUS_MOVE = YES;
				CLANG_WARN_UNGUARDED_AVAILABILITY = YES_AGGRESSIVE;
				CLANG_WARN_UNREACHABLE_CODE = YES;
				CLANG_WARN__DUPLICATE_METHOD_MATCH = YES;
				COPY_PHASE_STRIP = NO;
				DEBUG_INFORMATION_FORMAT = dwarf;
				ENABLE_STRICT_OBJC_MSGSEND = YES;
				ENABLE_TESTABILITY = YES;
				GCC_C_LANGUAGE_STANDARD = gnu11;
				GCC_DYNAMIC_NO_PIC = NO;
				GCC_NO_COMMON_BLOCKS = YES;
				GCC_OPTIMIZATION_LEVEL = 0;
				GCC_PREPROCESSOR_DEFINITIONS = (
					"DEBUG=1",
					"$(inherited)",
				);
				GCC_WARN_64_TO_32_BIT_CONVERSION = YES;
				GCC_WARN_ABOUT_RETURN_TYPE = YES_ERROR;
				GCC_WARN_UNDECLARED_SELECTOR = YES;
				GCC_WARN_UNINITIALIZED_AUTOS = YES_AGGRESSIVE;
				GCC_WARN_UNUSED_FUNCTION = YES;
				GCC_WARN_UNUSED_VARIABLE = YES;
				IPHONEOS_DEPLOYMENT_TARGET = 14.4;
				MTL_ENABLE_DEBUG_INFO = INCLUDE_SOURCE;
				MTL_FAST_MATH = YES;
				ONLY_ACTIVE_ARCH = YES;
				SDKROOT = iphoneos;
				SWIFT_ACTIVE_COMPILATION_CONDITIONS = DEBUG;
				SWIFT_OPTIMIZATION_LEVEL = "-Onone";
			};
			name = Debug;
		};
		E790A55225EAAD4300E5CCBF /* Release */ = {
			isa = XCBuildConfiguration;
			buildSettings = {
				ALWAYS_SEARCH_USER_PATHS = NO;
				CLANG_ANALYZER_NONNULL = YES;
				CLANG_ANALYZER_NUMBER_OBJECT_CONVERSION = YES_AGGRESSIVE;
				CLANG_CXX_LANGUAGE_STANDARD = "gnu++14";
				CLANG_CXX_LIBRARY = "libc++";
				CLANG_ENABLE_MODULES = YES;
				CLANG_ENABLE_OBJC_ARC = YES;
				CLANG_ENABLE_OBJC_WEAK = YES;
				CLANG_WARN_BLOCK_CAPTURE_AUTORELEASING = YES;
				CLANG_WARN_BOOL_CONVERSION = YES;
				CLANG_WARN_COMMA = YES;
				CLANG_WARN_CONSTANT_CONVERSION = YES;
				CLANG_WARN_DEPRECATED_OBJC_IMPLEMENTATIONS = YES;
				CLANG_WARN_DIRECT_OBJC_ISA_USAGE = YES_ERROR;
				CLANG_WARN_DOCUMENTATION_COMMENTS = YES;
				CLANG_WARN_EMPTY_BODY = YES;
				CLANG_WARN_ENUM_CONVERSION = YES;
				CLANG_WARN_INFINITE_RECURSION = YES;
				CLANG_WARN_INT_CONVERSION = YES;
				CLANG_WARN_NON_LITERAL_NULL_CONVERSION = YES;
				CLANG_WARN_OBJC_IMPLICIT_RETAIN_SELF = YES;
				CLANG_WARN_OBJC_LITERAL_CONVERSION = YES;
				CLANG_WARN_OBJC_ROOT_CLASS = YES_ERROR;
				CLANG_WARN_QUOTED_INCLUDE_IN_FRAMEWORK_HEADER = YES;
				CLANG_WARN_RANGE_LOOP_ANALYSIS = YES;
				CLANG_WARN_STRICT_PROTOTYPES = YES;
				CLANG_WARN_SUSPICIOUS_MOVE = YES;
				CLANG_WARN_UNGUARDED_AVAILABILITY = YES_AGGRESSIVE;
				CLANG_WARN_UNREACHABLE_CODE = YES;
				CLANG_WARN__DUPLICATE_METHOD_MATCH = YES;
				COPY_PHASE_STRIP = NO;
				DEBUG_INFORMATION_FORMAT = "dwarf-with-dsym";
				ENABLE_NS_ASSERTIONS = NO;
				ENABLE_STRICT_OBJC_MSGSEND = YES;
				GCC_C_LANGUAGE_STANDARD = gnu11;
				GCC_NO_COMMON_BLOCKS = YES;
				GCC_WARN_64_TO_32_BIT_CONVERSION = YES;
				GCC_WARN_ABOUT_RETURN_TYPE = YES_ERROR;
				GCC_WARN_UNDECLARED_SELECTOR = YES;
				GCC_WARN_UNINITIALIZED_AUTOS = YES_AGGRESSIVE;
				GCC_WARN_UNUSED_FUNCTION = YES;
				GCC_WARN_UNUSED_VARIABLE = YES;
				IPHONEOS_DEPLOYMENT_TARGET = 14.4;
				MTL_ENABLE_DEBUG_INFO = NO;
				MTL_FAST_MATH = YES;
				SDKROOT = iphoneos;
				SWIFT_COMPILATION_MODE = wholemodule;
				SWIFT_OPTIMIZATION_LEVEL = "-O";
				VALIDATE_PRODUCT = YES;
			};
			name = Release;
		};
		E790A55425EAAD4300E5CCBF /* Debug */ = {
			isa = XCBuildConfiguration;
			baseConfigurationReference = 4D0F8448948067F19D4D1404 /* Pods-HomeWork9.debug.xcconfig */;
			buildSettings = {
				ASSETCATALOG_COMPILER_APPICON_NAME = AppIcon;
				ASSETCATALOG_COMPILER_GLOBAL_ACCENT_COLOR_NAME = AccentColor;
				CODE_SIGN_STYLE = Automatic;
				DEVELOPMENT_TEAM = ZG8HC24927;
				INFOPLIST_FILE = HomeWork9/SupportingFiles/Info.plist;
				LD_RUNPATH_SEARCH_PATHS = (
					"$(inherited)",
					"@executable_path/Frameworks",
				);
				PRODUCT_BUNDLE_IDENTIFIER = suslov.aleksey.HomeWork9;
				PRODUCT_NAME = "$(TARGET_NAME)";
				SWIFT_VERSION = 5.0;
				TARGETED_DEVICE_FAMILY = 1;
			};
			name = Debug;
		};
		E790A55525EAAD4300E5CCBF /* Release */ = {
			isa = XCBuildConfiguration;
			baseConfigurationReference = BB7A6D6D01BB3AF408526989 /* Pods-HomeWork9.release.xcconfig */;
			buildSettings = {
				ASSETCATALOG_COMPILER_APPICON_NAME = AppIcon;
				ASSETCATALOG_COMPILER_GLOBAL_ACCENT_COLOR_NAME = AccentColor;
				CODE_SIGN_STYLE = Automatic;
				DEVELOPMENT_TEAM = ZG8HC24927;
				INFOPLIST_FILE = HomeWork9/SupportingFiles/Info.plist;
				LD_RUNPATH_SEARCH_PATHS = (
					"$(inherited)",
					"@executable_path/Frameworks",
				);
				PRODUCT_BUNDLE_IDENTIFIER = suslov.aleksey.HomeWork9;
				PRODUCT_NAME = "$(TARGET_NAME)";
				SWIFT_VERSION = 5.0;
				TARGETED_DEVICE_FAMILY = 1;
			};
			name = Release;
		};
/* End XCBuildConfiguration section */

/* Begin XCConfigurationList section */
		E790A53A25EAAD4100E5CCBF /* Build configuration list for PBXProject "HomeWork9" */ = {
			isa = XCConfigurationList;
			buildConfigurations = (
				E790A55125EAAD4300E5CCBF /* Debug */,
				E790A55225EAAD4300E5CCBF /* Release */,
			);
			defaultConfigurationIsVisible = 0;
			defaultConfigurationName = Release;
		};
		E790A55325EAAD4300E5CCBF /* Build configuration list for PBXNativeTarget "HomeWork9" */ = {
			isa = XCConfigurationList;
			buildConfigurations = (
				E790A55425EAAD4300E5CCBF /* Debug */,
				E790A55525EAAD4300E5CCBF /* Release */,
			);
			defaultConfigurationIsVisible = 0;
			defaultConfigurationName = Release;
		};
/* End XCConfigurationList section */
	};
	rootObject = E790A53725EAAD4100E5CCBF /* Project object */;
}
